<?xml version="1.0" encoding="utf-8"?>
<Project ToolsVersion="4.0" xmlns="http://schemas.microsoft.com/developer/msbuild/2003">
  <ItemGroup>
    <Filter Include="Source Files">
      <UniqueIdentifier>{4FC737F1-C7A5-4376-A066-2A32D752A2FF}</UniqueIdentifier>
      <Extensions>cpp;c;cc;cxx;c++;cppm;ixx;def;odl;idl;hpj;bat;asm;asmx;h;hh;hpp;hxx;h++;hm;inl;inc;ipp;xsd</Extensions>
    </Filter>
    <Filter Include="Resource Files">
      <UniqueIdentifier>{67DA6AB6-F800-4c08-8B7A-83BB121AAD01}</UniqueIdentifier>
      <Extensions>rc;ico;cur;bmp;dlg;rc2;rct;bin;rgs;gif;jpg;jpeg;jpe;resx;tiff;tif;png;wav;mfcribbon-ms</Extensions>
    </Filter>
    <Filter Include="Source Files\Decay">
      <UniqueIdentifier>{957fa462-bc94-473f-9591-1585c2306c53}</UniqueIdentifier>
    </Filter>
  </ItemGroup>
  <ItemGroup>
    <ClInclude Include="AboutDialog.h">
      <Filter>Source Files</Filter>
    </ClInclude>
    <ClInclude Include="AtomView.h">
      <Filter>Source Files</Filter>
    </ClInclude>
    <ClInclude Include="DecayApp.h">
      <Filter>Source Files</Filter>
    </ClInclude>
    <ClInclude Include="DecayDoc.h">
      <Filter>Source Files</Filter>
    </ClInclude>
    <ClInclude Include="DPI.h">
      <Filter>Source Files</Filter>
    </ClInclude>
    <ClInclude Include="FloatEdit.h">
      <Filter>Source Files</Filter>
    </ClInclude>
    <ClInclude Include="GDIPlusToken.h">
      <Filter>Source Files</Filter>
    </ClInclude>
    <ClInclude Include="IniReader.h">
      <Filter>Source Files</Filter>
    </ClInclude>
    <ClInclude Include="LabAboutDialog.h">
      <Filter>Source Files</Filter>
    </ClInclude>
    <ClInclude Include="LabLog.h">
      <Filter>Source Files</Filter>
    </ClInclude>
    <ClInclude Include="LabView.h">
      <Filter>Source Files</Filter>
    </ClInclude>
    <ClInclude Include="MainFrm.h">
      <Filter>Source Files</Filter>
    </ClInclude>
    <ClInclude Include="mathx.h">
      <Filter>Source Files</Filter>
    </ClInclude>
    <ClInclude Include="MemDC.h">
      <Filter>Source Files</Filter>
    </ClInclude>
    <ClInclude Include="NumString.h">
      <Filter>Source Files</Filter>
    </ClInclude>
    <ClInclude Include="IsotopeListCtrl.h">
      <Filter>Source Files</Filter>
    </ClInclude>
    <ClInclude Include="PhysConst.h">
      <Filter>Source Files</Filter>
    </ClInclude>
    <ClInclude Include="PropertiesWnd.h">
      <Filter>Source Files</Filter>
    </ClInclude>
    <ClInclude Include="PropsDialog.h">
      <Filter>Source Files</Filter>
    </ClInclude>
    <ClInclude Include="resource.h">
      <Filter>Source Files</Filter>
    </ClInclude>
    <ClInclude Include="stdafx.h">
      <Filter>Source Files</Filter>
    </ClInclude>
    <ClInclude Include="StdioFileEx.h">
      <Filter>Source Files</Filter>
    </ClInclude>
    <ClInclude Include="TableDialog.h">
      <Filter>Source Files</Filter>
    </ClInclude>
    <ClInclude Include="targetver.h">
      <Filter>Source Files</Filter>
    </ClInclude>
    <ClInclude Include="utf8.h">
      <Filter>Source Files</Filter>
    </ClInclude>
    <ClInclude Include="ObserverList.h">
      <Filter>Source Files</Filter>
    </ClInclude>
    <ClInclude Include="RandomEngine.h">
      <Filter>Source Files</Filter>
    </ClInclude>
    <ClInclude Include="RichEditCtrlX.h">
      <Filter>Source Files</Filter>
    </ClInclude>
    <ClInclude Include="OleDataSourceEx.h">
      <Filter>Source Files</Filter>
    </ClInclude>
    <ClInclude Include="OleDropSourceEx.h">
      <Filter>Source Files</Filter>
    </ClInclude>
    <ClInclude Include="DragDropHelper.h">
      <Filter>Source Files</Filter>
    </ClInclude>
    <ClInclude Include="Atom.h">
      <Filter>Source Files\Decay</Filter>
    </ClInclude>
    <ClInclude Include="AtomSet.h">
      <Filter>Source Files\Decay</Filter>
    </ClInclude>
    <ClInclude Include="Isotope.h">
      <Filter>Source Files\Decay</Filter>
    </ClInclude>
    <ClInclude Include="IsotopeDB.h">
      <Filter>Source Files\Decay</Filter>
    </ClInclude>
    <ClInclude Include="Model.h">
      <Filter>Source Files\Decay</Filter>
    </ClInclude>
  </ItemGroup>
  <ItemGroup>
    <ClCompile Include="AboutDialog.cpp">
      <Filter>Source Files</Filter>
    </ClCompile>
    <ClCompile Include="AtomView.cpp">
      <Filter>Source Files</Filter>
    </ClCompile>
    <ClCompile Include="DecayApp.cpp">
      <Filter>Source Files</Filter>
    </ClCompile>
    <ClCompile Include="DecayDoc.cpp">
      <Filter>Source Files</Filter>
    </ClCompile>
    <ClCompile Include="DPI.cpp">
      <Filter>Source Files</Filter>
    </ClCompile>
    <ClCompile Include="FloatEdit.cpp">
      <Filter>Source Files</Filter>
    </ClCompile>
    <ClCompile Include="IniReader.cpp">
      <Filter>Source Files</Filter>
    </ClCompile>
    <ClCompile Include="LabAboutDialog.cpp">
      <Filter>Source Files</Filter>
    </ClCompile>
    <ClCompile Include="LabLog.cpp">
      <Filter>Source Files</Filter>
    </ClCompile>
    <ClCompile Include="LabView.cpp">
      <Filter>Source Files</Filter>
    </ClCompile>
    <ClCompile Include="MainFrm.cpp">
      <Filter>Source Files</Filter>
    </ClCompile>
    <ClCompile Include="mathx.cpp">
      <Filter>Source Files</Filter>
    </ClCompile>
    <ClCompile Include="NumString.cpp">
      <Filter>Source Files</Filter>
    </ClCompile>
    <ClCompile Include="IsotopeListCtrl.cpp">
      <Filter>Source Files</Filter>
    </ClCompile>
    <ClCompile Include="PropertiesWnd.cpp">
      <Filter>Source Files</Filter>
    </ClCompile>
    <ClCompile Include="PropsDialog.cpp">
      <Filter>Source Files</Filter>
    </ClCompile>
    <ClCompile Include="stdafx.cpp">
      <Filter>Source Files</Filter>
    </ClCompile>
    <ClCompile Include="StdioFileEx.cpp">
      <Filter>Source Files</Filter>
    </ClCompile>
    <ClCompile Include="TableDialog.cpp">
      <Filter>Source Files</Filter>
    </ClCompile>
    <ClCompile Include="utf8.cpp">
      <Filter>Source Files</Filter>
    </ClCompile>
    <ClCompile Include="RichEditCtrlX.cpp">
      <Filter>Source Files</Filter>
    </ClCompile>
    <ClCompile Include="OleDataSourceEx.cpp">
      <Filter>Source Files</Filter>
    </ClCompile>
    <ClCompile Include="OleDropSourceEx.cpp">
      <Filter>Source Files</Filter>
    </ClCompile>
    <ClCompile Include="DragDropHelper.cpp">
      <Filter>Source Files</Filter>
    </ClCompile>
    <ClCompile Include="Atom.cpp">
      <Filter>Source Files\Decay</Filter>
    </ClCompile>
    <ClCompile Include="AtomSet.cpp">
      <Filter>Source Files\Decay</Filter>
    </ClCompile>
    <ClCompile Include="Isotope.cpp">
      <Filter>Source Files\Decay</Filter>
    </ClCompile>
    <ClCompile Include="IsotopeDB.cpp">
      <Filter>Source Files\Decay</Filter>
    </ClCompile>
    <ClCompile Include="Model.cpp">
      <Filter>Source Files\Decay</Filter>
    </ClCompile>
  </ItemGroup>
  <ItemGroup>
    <ResourceCompile Include="decay.rc">
      <Filter>Resource Files</Filter>
    </ResourceCompile>
  </ItemGroup>
  <ItemGroup>
    <Image Include="res\toolbar.png">
      <Filter>Resource Files</Filter>
    </Image>
    <Image Include="res\menu.png">
      <Filter>Resource Files</Filter>
    </Image>
    <Image Include="res\rocket.ico">
      <Filter>Resource Files</Filter>
    </Image>
    <Image Include="res\toolbar.bmp">
      <Filter>Resource Files</Filter>
    </Image>
    <Image Include="res\menu.bmp">
      <Filter>Resource Files</Filter>
    </Image>
  </ItemGroup>
  <ItemGroup>
    <None Include="res\notes.rtf">
      <Filter>Resource Files</Filter>
    </None>
  </ItemGroup>
</Project>